
Microsoft Visual Studio Solution File, Format Version 12.00
# Visual Studio 15
VisualStudioVersion = 15.0.27428.2015
MinimumVisualStudioVersion = 10.0.40219.1
Project("{FAE04EC0-301F-11D3-BF4B-00C04F79EFBC}") = "ContactManager", "ContactManager\ContactManager.csproj", "{462F1371-A063-4C0A-8731-187D4F16773D}"
EndProject
Global
	GlobalSection(SolutionConfigurationPlatforms) = preSolution
		Debug|Any CPU = Debug|Any CPU
		Release|Any CPU = Release|Any CPU
	EndGlobalSection
	GlobalSection(ProjectConfigurationPlatforms) = postSolution
		{462F1371-A063-4C0A-8731-187D4F16773D}.Debug|Any CPU.ActiveCfg = Debug|Any CPU
		{462F1371-A063-4C0A-8731-187D4F16773D}.Debug|Any CPU.Build.0 = Debug|Any CPU
		{462F1371-A063-4C0A-8731-187D4F16773D}.Release|Any CPU.ActiveCfg = Release|Any CPU
		{462F1371-A063-4C0A-8731-187D4F16773D}.Release|Any CPU.Build.0 = Release|Any CPU
	EndGlobalSection
	GlobalSection(SolutionProperties) = preSolution
		HideSolutionNode = FALSE
	EndGlobalSection
	GlobalSection(ExtensibilityGlobals) = postSolution
		SolutionGuid = {F2AD4EE2-7AA5-41DC-8D43-5F842B1A841B}
	EndGlobalSection
EndGlobal
